{
  "name": "fitquest",
  "lockfileVersion": 3,
  "requires": true,
  "packages": {
    "": {
      "dependencies": {
        "es-hangul": "^2.2.3",
        "tailwind-scrollbar-hide": "^1.1.7"
      }
    },
    "node_modules/es-hangul": {
      "version": "2.2.3",
      "resolved": "https://registry.npmjs.org/es-hangul/-/es-hangul-2.2.3.tgz",
      "integrity": "sha512-DTwM998yPTW6nY2+bCbR7uYIPH38WFDNaPwKu3Vdj0Bt7SsOQFFIqlxZF5JkE0qJiMpm/L3IsD1Uuv7p7WlJpg==",
      "license": "MIT",
      "workspaces": [
        ".",
        "docs",
        "benchmarks"
      ]
    },
    "node_modules/tailwind-scrollbar-hide": {
      "version": "1.1.7",
      "resolved": "https://registry.npmjs.org/tailwind-scrollbar-hide/-/tailwind-scrollbar-hide-1.1.7.tgz",
      "integrity": "sha512-X324n9OtpTmOMqEgDUEA/RgLrNfBF/jwJdctaPZDzB3mppxJk7TLIDmOreEDm1Bq4R9LSPu4Epf8VSdovNU+iA=="
    }
  }
}
